
Microsoft Visual Studio Solution File, Format Version 12.00
# Visual Studio Version 17
VisualStudioVersion = 17.14.36301.6 d17.14
MinimumVisualStudioVersion = 10.0.40219.1
Project("{FAE04EC0-301F-11D3-BF4B-00C04F79EFBC}") = "AhadPortfolio", "AhadPortfolio\AhadPortfolio.csproj", "{68CE5362-C886-4080-8FA2-AAD295C658BE}"
EndProject
Global
	GlobalSection(SolutionConfigurationPlatforms) = preSolution
		Debug|Any CPU = Debug|Any CPU
		Release|Any CPU = Release|Any CPU
	EndGlobalSection
	GlobalSection(ProjectConfigurationPlatforms) = postSolution
		{68CE5362-C886-4080-8FA2-AAD295C658BE}.Debug|Any CPU.ActiveCfg = Debug|Any CPU
		{68CE5362-C886-4080-8FA2-AAD295C658BE}.Debug|Any CPU.Build.0 = Debug|Any CPU
		{68CE5362-C886-4080-8FA2-AAD295C658BE}.Release|Any CPU.ActiveCfg = Release|Any CPU
		{68CE5362-C886-4080-8FA2-AAD295C658BE}.Release|Any CPU.Build.0 = Release|Any CPU
	EndGlobalSection
	GlobalSection(SolutionProperties) = preSolution
		HideSolutionNode = FALSE
	EndGlobalSection
	GlobalSection(ExtensibilityGlobals) = postSolution
		SolutionGuid = {6984E474-4458-447E-A26C-D4827F4D5802}
	EndGlobalSection
EndGlobal
